
Microsoft Visual Studio Solution File, Format Version 12.00
# Visual Studio Version 17
VisualStudioVersion = 17.0.31903.59
MinimumVisualStudioVersion = 10.0.40219.1
Project("{FAE04EC0-301F-11D3-BF4B-00C04F79EFBC}") = "WebApi", "WebApi\WebApi.csproj", "{423AFE47-28B2-4A6A-9CF5-778C75A03A78}"
EndProject
Project("{FAE04EC0-301F-11D3-BF4B-00C04F79EFBC}") = "Application", "Application\Application.csproj", "{DCDC7C43-0347-4067-A88D-0B58E245678B}"
EndProject
Project("{FAE04EC0-301F-11D3-BF4B-00C04F79EFBC}") = "Infrastructure", "Infrastructure\Infrastructure.csproj", "{35E02AD8-57CB-4D54-80B7-390512365D8D}"
EndProject
Project("{FAE04EC0-301F-11D3-BF4B-00C04F79EFBC}") = "Domain", "Domain\Domain.csproj", "{5DB831A5-B885-45DC-8EE4-F994DCF51E03}"
EndProject
Global
	GlobalSection(SolutionConfigurationPlatforms) = preSolution
		Debug|Any CPU = Debug|Any CPU
		Release|Any CPU = Release|Any CPU
	EndGlobalSection
	GlobalSection(SolutionProperties) = preSolution
		HideSolutionNode = FALSE
	EndGlobalSection
	GlobalSection(ProjectConfigurationPlatforms) = postSolution
		{423AFE47-28B2-4A6A-9CF5-778C75A03A78}.Debug|Any CPU.ActiveCfg = Debug|Any CPU
		{423AFE47-28B2-4A6A-9CF5-778C75A03A78}.Debug|Any CPU.Build.0 = Debug|Any CPU
		{423AFE47-28B2-4A6A-9CF5-778C75A03A78}.Release|Any CPU.ActiveCfg = Release|Any CPU
		{423AFE47-28B2-4A6A-9CF5-778C75A03A78}.Release|Any CPU.Build.0 = Release|Any CPU
		{DCDC7C43-0347-4067-A88D-0B58E245678B}.Debug|Any CPU.ActiveCfg = Debug|Any CPU
		{DCDC7C43-0347-4067-A88D-0B58E245678B}.Debug|Any CPU.Build.0 = Debug|Any CPU
		{DCDC7C43-0347-4067-A88D-0B58E245678B}.Release|Any CPU.ActiveCfg = Release|Any CPU
		{DCDC7C43-0347-4067-A88D-0B58E245678B}.Release|Any CPU.Build.0 = Release|Any CPU
		{35E02AD8-57CB-4D54-80B7-390512365D8D}.Debug|Any CPU.ActiveCfg = Debug|Any CPU
		{35E02AD8-57CB-4D54-80B7-390512365D8D}.Debug|Any CPU.Build.0 = Debug|Any CPU
		{35E02AD8-57CB-4D54-80B7-390512365D8D}.Release|Any CPU.ActiveCfg = Release|Any CPU
		{35E02AD8-57CB-4D54-80B7-390512365D8D}.Release|Any CPU.Build.0 = Release|Any CPU
		{5DB831A5-B885-45DC-8EE4-F994DCF51E03}.Debug|Any CPU.ActiveCfg = Debug|Any CPU
		{5DB831A5-B885-45DC-8EE4-F994DCF51E03}.Debug|Any CPU.Build.0 = Debug|Any CPU
		{5DB831A5-B885-45DC-8EE4-F994DCF51E03}.Release|Any CPU.ActiveCfg = Release|Any CPU
		{5DB831A5-B885-45DC-8EE4-F994DCF51E03}.Release|Any CPU.Build.0 = Release|Any CPU
	EndGlobalSection
EndGlobal
